// !$*UTF8*$!
{
	archiveVersion = 1;
	classes = {
	};
	objectVersion = 56;
	objects = {

/* Begin PBXBuildFile section */
		C705F3562C6FCE89003EA19F /* CoreDataProjectApp.swift in Sources */ = {isa = PBXBuildFile; fileRef = C705F3552C6FCE89003EA19F /* CoreDataProjectApp.swift */; };
		C705F3582C6FCE89003EA19F /* ContentView.swift in Sources */ = {isa = PBXBuildFile; fileRef = C705F3572C6FCE89003EA19F /* ContentView.swift */; };
		C705F35A2C6FCE8B003EA19F /* Assets.xcassets in Resources */ = {isa = PBXBuildFile; fileRef = C705F3592C6FCE8B003EA19F /* Assets.xcassets */; };
		C705F35D2C6FCE8B003EA19F /* Preview Assets.xcassets in Resources */ = {isa = PBXBuildFile; fileRef = C705F35C2C6FCE8B003EA19F /* Preview Assets.xcassets */; };
		C705F35F2C6FCE8B003EA19F /* Persistence.swift in Sources */ = {isa = PBXBuildFile; fileRef = C705F35E2C6FCE8B003EA19F /* Persistence.swift */; };
		C705F3622C6FCE8B003EA19F /* CoreDataProject.xcdatamodeld in Sources */ = {isa = PBXBuildFile; fileRef = C705F3602C6FCE8B003EA19F /* CoreDataProject.xcdatamodeld */; };
		C705F36A2C6FF2A8003EA19F /* Singer+CoreDataClass.swift in Sources */ = {isa = PBXBuildFile; fileRef = C705F3682C6FF2A8003EA19F /* Singer+CoreDataClass.swift */; };
		C705F36B2C6FF2A8003EA19F /* Singer+CoreDataProperties.swift in Sources */ = {isa = PBXBuildFile; fileRef = C705F3692C6FF2A8003EA19F /* Singer+CoreDataProperties.swift */; };
		C705F36D2C6FF912003EA19F /* FilteredList.swift in Sources */ = {isa = PBXBuildFile; fileRef = C705F36C2C6FF912003EA19F /* FilteredList.swift */; };
		C705F3722C700344003EA19F /* Candy+CoreDataClass.swift in Sources */ = {isa = PBXBuildFile; fileRef = C705F36E2C700344003EA19F /* Candy+CoreDataClass.swift */; };
		C705F3732C700344003EA19F /* Candy+CoreDataProperties.swift in Sources */ = {isa = PBXBuildFile; fileRef = C705F36F2C700344003EA19F /* Candy+CoreDataProperties.swift */; };
		C705F3742C700344003EA19F /* Country+CoreDataClass.swift in Sources */ = {isa = PBXBuildFile; fileRef = C705F3702C700344003EA19F /* Country+CoreDataClass.swift */; };
		C705F3752C700344003EA19F /* Country+CoreDataProperties.swift in Sources */ = {isa = PBXBuildFile; fileRef = C705F3712C700344003EA19F /* Country+CoreDataProperties.swift */; };
/* End PBXBuildFile section */

/* Begin PBXFileReference section */
		C705F3522C6FCE89003EA19F /* CoreDataProject.app */ = {isa = PBXFileReference; explicitFileType = wrapper.application; includeInIndex = 0; path = CoreDataProject.app; sourceTree = BUILT_PRODUCTS_DIR; };
		C705F3552C6FCE89003EA19F /* CoreDataProjectApp.swift */ = {isa = PBXFileReference; lastKnownFileType = sourcecode.swift; path = CoreDataProjectApp.swift; sourceTree = "<group>"; };
		C705F3572C6FCE89003EA19F /* ContentView.swift */ = {isa = PBXFileReference; lastKnownFileType = sourcecode.swift; path = ContentView.swift; sourceTree = "<group>"; };
		C705F3592C6FCE8B003EA19F /* Assets.xcassets */ = {isa = PBXFileReference; lastKnownFileType = folder.assetcatalog; path = Assets.xcassets; sourceTree = "<group>"; };
		C705F35C2C6FCE8B003EA19F /* Preview Assets.xcassets */ = {isa = PBXFileReference; lastKnownFileType = folder.assetcatalog; path = "Preview Assets.xcassets"; sourceTree = "<group>"; };
		C705F35E2C6FCE8B003EA19F /* Persistence.swift */ = {isa = PBXFileReference; lastKnownFileType = sourcecode.swift; path = Persistence.swift; sourceTree = "<group>"; };
		C705F3612C6FCE8B003EA19F /* CoreDataProject.xcdatamodel */ = {isa = PBXFileReference; lastKnownFileType = wrapper.xcdatamodel; path = CoreDataProject.xcdatamodel; sourceTree = "<group>"; };
		C705F3682C6FF2A8003EA19F /* Singer+CoreDataClass.swift */ = {isa = PBXFileReference; lastKnownFileType = sourcecode.swift; path = "Singer+CoreDataClass.swift"; sourceTree = "<group>"; };
		C705F3692C6FF2A8003EA19F /* Singer+CoreDataProperties.swift */ = {isa = PBXFileReference; lastKnownFileType = sourcecode.swift; path = "Singer+CoreDataProperties.swift"; sourceTree = "<group>"; };
		C705F36C2C6FF912003EA19F /* FilteredList.swift */ = {isa = PBXFileReference; lastKnownFileType = sourcecode.swift; path = FilteredList.swift; sourceTree = "<group>"; };
		C705F36E2C700344003EA19F /* Candy+CoreDataClass.swift */ = {isa = PBXFileReference; lastKnownFileType = sourcecode.swift; path = "Candy+CoreDataClass.swift"; sourceTree = "<group>"; };
		C705F36F2C700344003EA19F /* Candy+CoreDataProperties.swift */ = {isa = PBXFileReference; lastKnownFileType = sourcecode.swift; path = "Candy+CoreDataProperties.swift"; sourceTree = "<group>"; };
		C705F3702C700344003EA19F /* Country+CoreDataClass.swift */ = {isa = PBXFileReference; lastKnownFileType = sourcecode.swift; path = "Country+CoreDataClass.swift"; sourceTree = "<group>"; };
		C705F3712C700344003EA19F /* Country+CoreDataProperties.swift */ = {isa = PBXFileReference; lastKnownFileType = sourcecode.swift; path = "Country+CoreDataProperties.swift"; sourceTree = "<group>"; };
/* End PBXFileReference section */

/* Begin PBXFrameworksBuildPhase section */
		C705F34F2C6FCE89003EA19F /* Frameworks */ = {
			isa = PBXFrameworksBuildPhase;
			buildActionMask = 2147483647;
			files = (
			);
			runOnlyForDeploymentPostprocessing = 0;
		};
/* End PBXFrameworksBuildPhase section */

/* Begin PBXGroup section */
		C705F3492C6FCE89003EA19F = {
			isa = PBXGroup;
			children = (
				C705F3542C6FCE89003EA19F /* CoreDataProject */,
				C705F3532C6FCE89003EA19F /* Products */,
			);
			sourceTree = "<group>";
		};
		C705F3532C6FCE89003EA19F /* Products */ = {
			isa = PBXGroup;
			children = (
				C705F3522C6FCE89003EA19F /* CoreDataProject.app */,
			);
			name = Products;
			sourceTree = "<group>";
		};
		C705F3542C6FCE89003EA19F /* CoreDataProject */ = {
			isa = PBXGroup;
			children = (
				C705F36E2C700344003EA19F /* Candy+CoreDataClass.swift */,
				C705F36F2C700344003EA19F /* Candy+CoreDataProperties.swift */,
				C705F3702C700344003EA19F /* Country+CoreDataClass.swift */,
				C705F3712C700344003EA19F /* Country+CoreDataProperties.swift */,
				C705F3682C6FF2A8003EA19F /* Singer+CoreDataClass.swift */,
				C705F3692C6FF2A8003EA19F /* Singer+CoreDataProperties.swift */,
				C705F3552C6FCE89003EA19F /* CoreDataProjectApp.swift */,
				C705F3572C6FCE89003EA19F /* ContentView.swift */,
				C705F36C2C6FF912003EA19F /* FilteredList.swift */,
				C705F3592C6FCE8B003EA19F /* Assets.xcassets */,
				C705F35E2C6FCE8B003EA19F /* Persistence.swift */,
				C705F3602C6FCE8B003EA19F /* CoreDataProject.xcdatamodeld */,
				C705F35B2C6FCE8B003EA19F /* Preview Content */,
			);
			path = CoreDataProject;
			sourceTree = "<group>";
		};
		C705F35B2C6FCE8B003EA19F /* Preview Content */ = {
			isa = PBXGroup;
			children = (
				C705F35C2C6FCE8B003EA19F /* Preview Assets.xcassets */,
			);
			path = "Preview Content";
			sourceTree = "<group>";
		};
/* End PBXGroup section */

/* Begin PBXNativeTarget section */
		C705F3512C6FCE89003EA19F /* CoreDataProject */ = {
			isa = PBXNativeTarget;
			buildConfigurationList = C705F3652C6FCE8B003EA19F /* Build configuration list for PBXNativeTarget "CoreDataProject" */;
			buildPhases = (
				C705F34E2C6FCE89003EA19F /* Sources */,
				C705F34F2C6FCE89003EA19F /* Frameworks */,
				C705F3502C6FCE89003EA19F /* Resources */,
			);
			buildRules = (
			);
			dependencies = (
			);
			name = CoreDataProject;
			productName = CoreDataProject;
			productReference = C705F3522C6FCE89003EA19F /* CoreDataProject.app */;
			productType = "com.apple.product-type.application";
		};
/* End PBXNativeTarget section */

/* Begin PBXProject section */
		C705F34A2C6FCE89003EA19F /* Project object */ = {
			isa = PBXProject;
			attributes = {
				BuildIndependentTargetsInParallel = 1;
				LastSwiftUpdateCheck = 1520;
				LastUpgradeCheck = 1520;
				TargetAttributes = {
					C705F3512C6FCE89003EA19F = {
						CreatedOnToolsVersion = 15.2;
					};
				};
			};
			buildConfigurationList = C705F34D2C6FCE89003EA19F /* Build configuration list for PBXProject "CoreDataProject" */;
			compatibilityVersion = "Xcode 14.0";
			developmentRegion = en;
			hasScannedForEncodings = 0;
			knownRegions = (
				en,
				Base,
			);
			mainGroup = C705F3492C6FCE89003EA19F;
			productRefGroup = C705F3532C6FCE89003EA19F /* Products */;
			projectDirPath = "";
			projectRoot = "";
			targets = (
				C705F3512C6FCE89003EA19F /* CoreDataProject */,
			);
		};
/* End PBXProject section */

/* Begin PBXResourcesBuildPhase section */
		C705F3502C6FCE89003EA19F /* Resources */ = {
			isa = PBXResourcesBuildPhase;
			buildActionMask = 2147483647;
			files = (
				C705F35D2C6FCE8B003EA19F /* Preview Assets.xcassets in Resources */,
				C705F35A2C6FCE8B003EA19F /* Assets.xcassets in Resources */,
			);
			runOnlyForDeploymentPostprocessing = 0;
		};
/* End PBXResourcesBuildPhase section */

/* Begin PBXSourcesBuildPhase section */
		C705F34E2C6FCE89003EA19F /* Sources */ = {
			isa = PBXSourcesBuildPhase;
			buildActionMask = 2147483647;
			files = (
				C705F35F2C6FCE8B003EA19F /* Persistence.swift in Sources */,
				C705F36B2C6FF2A8003EA19F /* Singer+CoreDataProperties.swift in Sources */,
				C705F3582C6FCE89003EA19F /* ContentView.swift in Sources */,
				C705F36A2C6FF2A8003EA19F /* Singer+CoreDataClass.swift in Sources */,
				C705F3622C6FCE8B003EA19F /* CoreDataProject.xcdatamodeld in Sources */,
				C705F3562C6FCE89003EA19F /* CoreDataProjectApp.swift in Sources */,
				C705F3752C700344003EA19F /* Country+CoreDataProperties.swift in Sources */,
				C705F3732C700344003EA19F /* Candy+CoreDataProperties.swift in Sources */,
				C705F36D2C6FF912003EA19F /* FilteredList.swift in Sources */,
				C705F3742C700344003EA19F /* Country+CoreDataClass.swift in Sources */,
				C705F3722C700344003EA19F /* Candy+CoreDataClass.swift in Sources */,
			);
			runOnlyForDeploymentPostprocessing = 0;
		};
/* End PBXSourcesBuildPhase section */

/* Begin XCBuildConfiguration section */
		C705F3632C6FCE8B003EA19F /* Debug */ = {
			isa = XCBuildConfiguration;
			buildSettings = {
				ALWAYS_SEARCH_USER_PATHS = NO;
				ASSETCATALOG_COMPILER_GENERATE_SWIFT_ASSET_SYMBOL_EXTENSIONS = YES;
				CLANG_ANALYZER_NONNULL = YES;
				CLANG_ANALYZER_NUMBER_OBJECT_CONVERSION = YES_AGGRESSIVE;
				CLANG_CXX_LANGUAGE_STANDARD = "gnu++20";
				CLANG_ENABLE_MODULES = YES;
				CLANG_ENABLE_OBJC_ARC = YES;
				CLANG_ENABLE_OBJC_WEAK = YES;
				CLANG_WARN_BLOCK_CAPTURE_AUTORELEASING = YES;
				CLANG_WARN_BOOL_CONVERSION = YES;
				CLANG_WARN_COMMA = YES;
				CLANG_WARN_CONSTANT_CONVERSION = YES;
				CLANG_WARN_DEPRECATED_OBJC_IMPLEMENTATIONS = YES;
				CLANG_WARN_DIRECT_OBJC_ISA_USAGE = YES_ERROR;
				CLANG_WARN_DOCUMENTATION_COMMENTS = YES;
				CLANG_WARN_EMPTY_BODY = YES;
				CLANG_WARN_ENUM_CONVERSION = YES;
				CLANG_WARN_INFINITE_RECURSION = YES;
				CLANG_WARN_INT_CONVERSION = YES;
				CLANG_WARN_NON_LITERAL_NULL_CONVERSION = YES;
				CLANG_WARN_OBJC_IMPLICIT_RETAIN_SELF = YES;
				CLANG_WARN_OBJC_LITERAL_CONVERSION = YES;
				CLANG_WARN_OBJC_ROOT_CLASS = YES_ERROR;
				CLANG_WARN_QUOTED_INCLUDE_IN_FRAMEWORK_HEADER = YES;
				CLANG_WARN_RANGE_LOOP_ANALYSIS = YES;
				CLANG_WARN_STRICT_PROTOTYPES = YES;
				CLANG_WARN_SUSPICIOUS_MOVE = YES;
				CLANG_WARN_UNGUARDED_AVAILABILITY = YES_AGGRESSIVE;
				CLANG_WARN_UNREACHABLE_CODE = YES;
				CLANG_WARN__DUPLICATE_METHOD_MATCH = YES;
				COPY_PHASE_STRIP = NO;
				DEBUG_INFORMATION_FORMAT = dwarf;
				ENABLE_STRICT_OBJC_MSGSEND = YES;
				ENABLE_TESTABILITY = YES;
				ENABLE_USER_SCRIPT_SANDBOXING = YES;
				GCC_C_LANGUAGE_STANDARD = gnu17;
				GCC_DYNAMIC_NO_PIC = NO;
				GCC_NO_COMMON_BLOCKS = YES;
				GCC_OPTIMIZATION_LEVEL = 0;
				GCC_PREPROCESSOR_DEFINITIONS = (
					"DEBUG=1",
					"$(inherited)",
				);
				GCC_WARN_64_TO_32_BIT_CONVERSION = YES;
				GCC_WARN_ABOUT_RETURN_TYPE = YES_ERROR;
				GCC_WARN_UNDECLARED_SELECTOR = YES;
				GCC_WARN_UNINITIALIZED_AUTOS = YES_AGGRESSIVE;
				GCC_WARN_UNUSED_FUNCTION = YES;
				GCC_WARN_UNUSED_VARIABLE = YES;
				IPHONEOS_DEPLOYMENT_TARGET = 17.2;
				LOCALIZATION_PREFERS_STRING_CATALOGS = YES;
				MTL_ENABLE_DEBUG_INFO = INCLUDE_SOURCE;
				MTL_FAST_MATH = YES;
				ONLY_ACTIVE_ARCH = YES;
				SDKROOT = iphoneos;
				SWIFT_ACTIVE_COMPILATION_CONDITIONS = "DEBUG $(inherited)";
				SWIFT_OPTIMIZATION_LEVEL = "-Onone";
			};
			name = Debug;
		};
		C705F3642C6FCE8B003EA19F /* Release */ = {
			isa = XCBuildConfiguration;
			buildSettings = {
				ALWAYS_SEARCH_USER_PATHS = NO;
				ASSETCATALOG_COMPILER_GENERATE_SWIFT_ASSET_SYMBOL_EXTENSIONS = YES;
				CLANG_ANALYZER_NONNULL = YES;
				CLANG_ANALYZER_NUMBER_OBJECT_CONVERSION = YES_AGGRESSIVE;
				CLANG_CXX_LANGUAGE_STANDARD = "gnu++20";
				CLANG_ENABLE_MODULES = YES;
				CLANG_ENABLE_OBJC_ARC = YES;
				CLANG_ENABLE_OBJC_WEAK = YES;
				CLANG_WARN_BLOCK_CAPTURE_AUTORELEASING = YES;
				CLANG_WARN_BOOL_CONVERSION = YES;
				CLANG_WARN_COMMA = YES;
				CLANG_WARN_CONSTANT_CONVERSION = YES;
				CLANG_WARN_DEPRECATED_OBJC_IMPLEMENTATIONS = YES;
				CLANG_WARN_DIRECT_OBJC_ISA_USAGE = YES_ERROR;
				CLANG_WARN_DOCUMENTATION_COMMENTS = YES;
				CLANG_WARN_EMPTY_BODY = YES;
				CLANG_WARN_ENUM_CONVERSION = YES;
				CLANG_WARN_INFINITE_RECURSION = YES;
				CLANG_WARN_INT_CONVERSION = YES;
				CLANG_WARN_NON_LITERAL_NULL_CONVERSION = YES;
				CLANG_WARN_OBJC_IMPLICIT_RETAIN_SELF = YES;
				CLANG_WARN_OBJC_LITERAL_CONVERSION = YES;
				CLANG_WARN_OBJC_ROOT_CLASS = YES_ERROR;
				CLANG_WARN_QUOTED_INCLUDE_IN_FRAMEWORK_HEADER = YES;
				CLANG_WARN_RANGE_LOOP_ANALYSIS = YES;
				CLANG_WARN_STRICT_PROTOTYPES = YES;
				CLANG_WARN_SUSPICIOUS_MOVE = YES;
				CLANG_WARN_UNGUARDED_AVAILABILITY = YES_AGGRESSIVE;
				CLANG_WARN_UNREACHABLE_CODE = YES;
				CLANG_WARN__DUPLICATE_METHOD_MATCH = YES;
				COPY_PHASE_STRIP = NO;
				DEBUG_INFORMATION_FORMAT = "dwarf-with-dsym";
				ENABLE_NS_ASSERTIONS = NO;
				ENABLE_STRICT_OBJC_MSGSEND = YES;
				ENABLE_USER_SCRIPT_SANDBOXING = YES;
				GCC_C_LANGUAGE_STANDARD = gnu17;
				GCC_NO_COMMON_BLOCKS = YES;
				GCC_WARN_64_TO_32_BIT_CONVERSION = YES;
				GCC_WARN_ABOUT_RETURN_TYPE = YES_ERROR;
				GCC_WARN_UNDECLARED_SELECTOR = YES;
				GCC_WARN_UNINITIALIZED_AUTOS = YES_AGGRESSIVE;
				GCC_WARN_UNUSED_FUNCTION = YES;
				GCC_WARN_UNUSED_VARIABLE = YES;
				IPHONEOS_DEPLOYMENT_TARGET = 17.2;
				LOCALIZATION_PREFERS_STRING_CATALOGS = YES;
				MTL_ENABLE_DEBUG_INFO = NO;
				MTL_FAST_MATH = YES;
				SDKROOT = iphoneos;
				SWIFT_COMPILATION_MODE = wholemodule;
				VALIDATE_PRODUCT = YES;
			};
			name = Release;
		};
		C705F3662C6FCE8B003EA19F /* Debug */ = {
			isa = XCBuildConfiguration;
			buildSettings = {
				ASSETCATALOG_COMPILER_APPICON_NAME = AppIcon;
				ASSETCATALOG_COMPILER_GLOBAL_ACCENT_COLOR_NAME = AccentColor;
				CODE_SIGN_STYLE = Automatic;
				CURRENT_PROJECT_VERSION = 1;
				DEVELOPMENT_ASSET_PATHS = "\"CoreDataProject/Preview Content\"";
				ENABLE_PREVIEWS = YES;
				GENERATE_INFOPLIST_FILE = YES;
				INFOPLIST_KEY_UIApplicationSceneManifest_Generation = YES;
				INFOPLIST_KEY_UIApplicationSupportsIndirectInputEvents = YES;
				INFOPLIST_KEY_UILaunchScreen_Generation = YES;
				INFOPLIST_KEY_UISupportedInterfaceOrientations_iPad = "UIInterfaceOrientationPortrait UIInterfaceOrientationPortraitUpsideDown UIInterfaceOrientationLandscapeLeft UIInterfaceOrientationLandscapeRight";
				INFOPLIST_KEY_UISupportedInterfaceOrientations_iPhone = "UIInterfaceOrientationPortrait UIInterfaceOrientationLandscapeLeft UIInterfaceOrientationLandscapeRight";
				LD_RUNPATH_SEARCH_PATHS = (
					"$(inherited)",
					"@executable_path/Frameworks",
				);
				MARKETING_VERSION = 1.0;
				PRODUCT_BUNDLE_IDENTIFIER = com.jvlabs.CoreDataProject;
				PRODUCT_NAME = "$(TARGET_NAME)";
				SWIFT_EMIT_LOC_STRINGS = YES;
				SWIFT_VERSION = 5.0;
				TARGETED_DEVICE_FAMILY = "1,2";
			};
			name = Debug;
		};
		C705F3672C6FCE8B003EA19F /* Release */ = {
			isa = XCBuildConfiguration;
			buildSettings = {
				ASSETCATALOG_COMPILER_APPICON_NAME = AppIcon;
				ASSETCATALOG_COMPILER_GLOBAL_ACCENT_COLOR_NAME = AccentColor;
				CODE_SIGN_STYLE = Automatic;
				CURRENT_PROJECT_VERSION = 1;
				DEVELOPMENT_ASSET_PATHS = "\"CoreDataProject/Preview Content\"";
				ENABLE_PREVIEWS = YES;
				GENERATE_INFOPLIST_FILE = YES;
				INFOPLIST_KEY_UIApplicationSceneManifest_Generation = YES;
				INFOPLIST_KEY_UIApplicationSupportsIndirectInputEvents = YES;
				INFOPLIST_KEY_UILaunchScreen_Generation = YES;
				INFOPLIST_KEY_UISupportedInterfaceOrientations_iPad = "UIInterfaceOrientationPortrait UIInterfaceOrientationPortraitUpsideDown UIInterfaceOrientationLandscapeLeft UIInterfaceOrientationLandscapeRight";
				INFOPLIST_KEY_UISupportedInterfaceOrientations_iPhone = "UIInterfaceOrientationPortrait UIInterfaceOrientationLandscapeLeft UIInterfaceOrientationLandscapeRight";
				LD_RUNPATH_SEARCH_PATHS = (
					"$(inherited)",
					"@executable_path/Frameworks",
				);
				MARKETING_VERSION = 1.0;
				PRODUCT_BUNDLE_IDENTIFIER = com.jvlabs.CoreDataProject;
				PRODUCT_NAME = "$(TARGET_NAME)";
				SWIFT_EMIT_LOC_STRINGS = YES;
				SWIFT_VERSION = 5.0;
				TARGETED_DEVICE_FAMILY = "1,2";
			};
			name = Release;
		};
/* End XCBuildConfiguration section */

/* Begin XCConfigurationList section */
		C705F34D2C6FCE89003EA19F /* Build configuration list for PBXProject "CoreDataProject" */ = {
			isa = XCConfigurationList;
			buildConfigurations = (
				C705F3632C6FCE8B003EA19F /* Debug */,
				C705F3642C6FCE8B003EA19F /* Release */,
			);
			defaultConfigurationIsVisible = 0;
			defaultConfigurationName = Release;
		};
		C705F3652C6FCE8B003EA19F /* Build configuration list for PBXNativeTarget "CoreDataProject" */ = {
			isa = XCConfigurationList;
			buildConfigurations = (
				C705F3662C6FCE8B003EA19F /* Debug */,
				C705F3672C6FCE8B003EA19F /* Release */,
			);
			defaultConfigurationIsVisible = 0;
			defaultConfigurationName = Release;
		};
/* End XCConfigurationList section */

/* Begin XCVersionGroup section */
		C705F3602C6FCE8B003EA19F /* CoreDataProject.xcdatamodeld */ = {
			isa = XCVersionGroup;
			children = (
				C705F3612C6FCE8B003EA19F /* CoreDataProject.xcdatamodel */,
			);
			currentVersion = C705F3612C6FCE8B003EA19F /* CoreDataProject.xcdatamodel */;
			path = CoreDataProject.xcdatamodeld;
			sourceTree = "<group>";
			versionGroupType = wrapper.xcdatamodel;
		};
/* End XCVersionGroup section */
	};
	rootObject = C705F34A2C6FCE89003EA19F /* Project object */;
}
