// !$*UTF8*$!
{
	archiveVersion = 1;
	classes = {
	};
	objectVersion = 56;
	objects = {

/* Begin PBXBuildFile section */
		C745D0642BE5758600730A22 /* 02_Codable_URLSession.swift in Sources */ = {isa = PBXBuildFile; fileRef = C745D0632BE5758600730A22 /* 02_Codable_URLSession.swift */; };
		C745D0662BE5883000730A22 /* 03_FormValidation.swift in Sources */ = {isa = PBXBuildFile; fileRef = C745D0652BE5883000730A22 /* 03_FormValidation.swift */; };
		C745D0682BE58C4400730A22 /* Order.swift in Sources */ = {isa = PBXBuildFile; fileRef = C745D0672BE58C4400730A22 /* Order.swift */; };
		C745D06A2BE5910500730A22 /* AddressView.swift in Sources */ = {isa = PBXBuildFile; fileRef = C745D0692BE5910500730A22 /* AddressView.swift */; };
		C745D06C2BE593E200730A22 /* CheckoutView.swift in Sources */ = {isa = PBXBuildFile; fileRef = C745D06B2BE593E200730A22 /* CheckoutView.swift */; };
		C7C67FB52BD30898001A0C3A /* CupcakeCornerApp.swift in Sources */ = {isa = PBXBuildFile; fileRef = C7C67FB42BD30898001A0C3A /* CupcakeCornerApp.swift */; };
		C7C67FB72BD30898001A0C3A /* ContentView.swift in Sources */ = {isa = PBXBuildFile; fileRef = C7C67FB62BD30898001A0C3A /* ContentView.swift */; };
		C7C67FB92BD30899001A0C3A /* Assets.xcassets in Resources */ = {isa = PBXBuildFile; fileRef = C7C67FB82BD30899001A0C3A /* Assets.xcassets */; };
		C7C67FBC2BD30899001A0C3A /* Preview Assets.xcassets in Resources */ = {isa = PBXBuildFile; fileRef = C7C67FBB2BD30899001A0C3A /* Preview Assets.xcassets */; };
		C7C67FC32BD30A67001A0C3A /* 01_Codable.swift in Sources */ = {isa = PBXBuildFile; fileRef = C7C67FC22BD30A67001A0C3A /* 01_Codable.swift */; };
/* End PBXBuildFile section */

/* Begin PBXFileReference section */
		C745D0632BE5758600730A22 /* 02_Codable_URLSession.swift */ = {isa = PBXFileReference; lastKnownFileType = sourcecode.swift; path = 02_Codable_URLSession.swift; sourceTree = "<group>"; };
		C745D0652BE5883000730A22 /* 03_FormValidation.swift */ = {isa = PBXFileReference; lastKnownFileType = sourcecode.swift; path = 03_FormValidation.swift; sourceTree = "<group>"; };
		C745D0672BE58C4400730A22 /* Order.swift */ = {isa = PBXFileReference; lastKnownFileType = sourcecode.swift; path = Order.swift; sourceTree = "<group>"; };
		C745D0692BE5910500730A22 /* AddressView.swift */ = {isa = PBXFileReference; lastKnownFileType = sourcecode.swift; path = AddressView.swift; sourceTree = "<group>"; };
		C745D06B2BE593E200730A22 /* CheckoutView.swift */ = {isa = PBXFileReference; lastKnownFileType = sourcecode.swift; path = CheckoutView.swift; sourceTree = "<group>"; };
		C7C67FB12BD30898001A0C3A /* CupcakeCorner.app */ = {isa = PBXFileReference; explicitFileType = wrapper.application; includeInIndex = 0; path = CupcakeCorner.app; sourceTree = BUILT_PRODUCTS_DIR; };
		C7C67FB42BD30898001A0C3A /* CupcakeCornerApp.swift */ = {isa = PBXFileReference; lastKnownFileType = sourcecode.swift; path = CupcakeCornerApp.swift; sourceTree = "<group>"; };
		C7C67FB62BD30898001A0C3A /* ContentView.swift */ = {isa = PBXFileReference; lastKnownFileType = sourcecode.swift; path = ContentView.swift; sourceTree = "<group>"; };
		C7C67FB82BD30899001A0C3A /* Assets.xcassets */ = {isa = PBXFileReference; lastKnownFileType = folder.assetcatalog; path = Assets.xcassets; sourceTree = "<group>"; };
		C7C67FBB2BD30899001A0C3A /* Preview Assets.xcassets */ = {isa = PBXFileReference; lastKnownFileType = folder.assetcatalog; path = "Preview Assets.xcassets"; sourceTree = "<group>"; };
		C7C67FC22BD30A67001A0C3A /* 01_Codable.swift */ = {isa = PBXFileReference; lastKnownFileType = sourcecode.swift; path = 01_Codable.swift; sourceTree = "<group>"; };
/* End PBXFileReference section */

/* Begin PBXFrameworksBuildPhase section */
		C7C67FAE2BD30898001A0C3A /* Frameworks */ = {
			isa = PBXFrameworksBuildPhase;
			buildActionMask = 2147483647;
			files = (
			);
			runOnlyForDeploymentPostprocessing = 0;
		};
/* End PBXFrameworksBuildPhase section */

/* Begin PBXGroup section */
		C7C67FA82BD30898001A0C3A = {
			isa = PBXGroup;
			children = (
				C7C67FB32BD30898001A0C3A /* CupcakeCorner */,
				C7C67FB22BD30898001A0C3A /* Products */,
			);
			sourceTree = "<group>";
		};
		C7C67FB22BD30898001A0C3A /* Products */ = {
			isa = PBXGroup;
			children = (
				C7C67FB12BD30898001A0C3A /* CupcakeCorner.app */,
			);
			name = Products;
			sourceTree = "<group>";
		};
		C7C67FB32BD30898001A0C3A /* CupcakeCorner */ = {
			isa = PBXGroup;
			children = (
				C745D0692BE5910500730A22 /* AddressView.swift */,
				C745D06B2BE593E200730A22 /* CheckoutView.swift */,
				C7C67FB42BD30898001A0C3A /* CupcakeCornerApp.swift */,
				C7C67FB62BD30898001A0C3A /* ContentView.swift */,
				C745D0672BE58C4400730A22 /* Order.swift */,
				C7C67FB82BD30899001A0C3A /* Assets.xcassets */,
				C7C67FBA2BD30899001A0C3A /* Preview Content */,
				C7C67FC22BD30A67001A0C3A /* 01_Codable.swift */,
				C745D0632BE5758600730A22 /* 02_Codable_URLSession.swift */,
				C745D0652BE5883000730A22 /* 03_FormValidation.swift */,
			);
			path = CupcakeCorner;
			sourceTree = "<group>";
		};
		C7C67FBA2BD30899001A0C3A /* Preview Content */ = {
			isa = PBXGroup;
			children = (
				C7C67FBB2BD30899001A0C3A /* Preview Assets.xcassets */,
			);
			path = "Preview Content";
			sourceTree = "<group>";
		};
/* End PBXGroup section */

/* Begin PBXNativeTarget section */
		C7C67FB02BD30898001A0C3A /* CupcakeCorner */ = {
			isa = PBXNativeTarget;
			buildConfigurationList = C7C67FBF2BD30899001A0C3A /* Build configuration list for PBXNativeTarget "CupcakeCorner" */;
			buildPhases = (
				C7C67FAD2BD30898001A0C3A /* Sources */,
				C7C67FAE2BD30898001A0C3A /* Frameworks */,
				C7C67FAF2BD30898001A0C3A /* Resources */,
			);
			buildRules = (
			);
			dependencies = (
			);
			name = CupcakeCorner;
			productName = CupcakeCorner;
			productReference = C7C67FB12BD30898001A0C3A /* CupcakeCorner.app */;
			productType = "com.apple.product-type.application";
		};
/* End PBXNativeTarget section */

/* Begin PBXProject section */
		C7C67FA92BD30898001A0C3A /* Project object */ = {
			isa = PBXProject;
			attributes = {
				BuildIndependentTargetsInParallel = 1;
				LastSwiftUpdateCheck = 1520;
				LastUpgradeCheck = 1520;
				TargetAttributes = {
					C7C67FB02BD30898001A0C3A = {
						CreatedOnToolsVersion = 15.2;
					};
				};
			};
			buildConfigurationList = C7C67FAC2BD30898001A0C3A /* Build configuration list for PBXProject "CupcakeCorner" */;
			compatibilityVersion = "Xcode 14.0";
			developmentRegion = en;
			hasScannedForEncodings = 0;
			knownRegions = (
				en,
				Base,
			);
			mainGroup = C7C67FA82BD30898001A0C3A;
			productRefGroup = C7C67FB22BD30898001A0C3A /* Products */;
			projectDirPath = "";
			projectRoot = "";
			targets = (
				C7C67FB02BD30898001A0C3A /* CupcakeCorner */,
			);
		};
/* End PBXProject section */

/* Begin PBXResourcesBuildPhase section */
		C7C67FAF2BD30898001A0C3A /* Resources */ = {
			isa = PBXResourcesBuildPhase;
			buildActionMask = 2147483647;
			files = (
				C7C67FBC2BD30899001A0C3A /* Preview Assets.xcassets in Resources */,
				C7C67FB92BD30899001A0C3A /* Assets.xcassets in Resources */,
			);
			runOnlyForDeploymentPostprocessing = 0;
		};
/* End PBXResourcesBuildPhase section */

/* Begin PBXSourcesBuildPhase section */
		C7C67FAD2BD30898001A0C3A /* Sources */ = {
			isa = PBXSourcesBuildPhase;
			buildActionMask = 2147483647;
			files = (
				C745D06A2BE5910500730A22 /* AddressView.swift in Sources */,
				C745D0682BE58C4400730A22 /* Order.swift in Sources */,
				C745D0642BE5758600730A22 /* 02_Codable_URLSession.swift in Sources */,
				C745D0662BE5883000730A22 /* 03_FormValidation.swift in Sources */,
				C7C67FB72BD30898001A0C3A /* ContentView.swift in Sources */,
				C7C67FB52BD30898001A0C3A /* CupcakeCornerApp.swift in Sources */,
				C745D06C2BE593E200730A22 /* CheckoutView.swift in Sources */,
				C7C67FC32BD30A67001A0C3A /* 01_Codable.swift in Sources */,
			);
			runOnlyForDeploymentPostprocessing = 0;
		};
/* End PBXSourcesBuildPhase section */

/* Begin XCBuildConfiguration section */
		C7C67FBD2BD30899001A0C3A /* Debug */ = {
			isa = XCBuildConfiguration;
			buildSettings = {
				ALWAYS_SEARCH_USER_PATHS = NO;
				ASSETCATALOG_COMPILER_GENERATE_SWIFT_ASSET_SYMBOL_EXTENSIONS = YES;
				CLANG_ANALYZER_NONNULL = YES;
				CLANG_ANALYZER_NUMBER_OBJECT_CONVERSION = YES_AGGRESSIVE;
				CLANG_CXX_LANGUAGE_STANDARD = "gnu++20";
				CLANG_ENABLE_MODULES = YES;
				CLANG_ENABLE_OBJC_ARC = YES;
				CLANG_ENABLE_OBJC_WEAK = YES;
				CLANG_WARN_BLOCK_CAPTURE_AUTORELEASING = YES;
				CLANG_WARN_BOOL_CONVERSION = YES;
				CLANG_WARN_COMMA = YES;
				CLANG_WARN_CONSTANT_CONVERSION = YES;
				CLANG_WARN_DEPRECATED_OBJC_IMPLEMENTATIONS = YES;
				CLANG_WARN_DIRECT_OBJC_ISA_USAGE = YES_ERROR;
				CLANG_WARN_DOCUMENTATION_COMMENTS = YES;
				CLANG_WARN_EMPTY_BODY = YES;
				CLANG_WARN_ENUM_CONVERSION = YES;
				CLANG_WARN_INFINITE_RECURSION = YES;
				CLANG_WARN_INT_CONVERSION = YES;
				CLANG_WARN_NON_LITERAL_NULL_CONVERSION = YES;
				CLANG_WARN_OBJC_IMPLICIT_RETAIN_SELF = YES;
				CLANG_WARN_OBJC_LITERAL_CONVERSION = YES;
				CLANG_WARN_OBJC_ROOT_CLASS = YES_ERROR;
				CLANG_WARN_QUOTED_INCLUDE_IN_FRAMEWORK_HEADER = YES;
				CLANG_WARN_RANGE_LOOP_ANALYSIS = YES;
				CLANG_WARN_STRICT_PROTOTYPES = YES;
				CLANG_WARN_SUSPICIOUS_MOVE = YES;
				CLANG_WARN_UNGUARDED_AVAILABILITY = YES_AGGRESSIVE;
				CLANG_WARN_UNREACHABLE_CODE = YES;
				CLANG_WARN__DUPLICATE_METHOD_MATCH = YES;
				COPY_PHASE_STRIP = NO;
				DEBUG_INFORMATION_FORMAT = dwarf;
				ENABLE_STRICT_OBJC_MSGSEND = YES;
				ENABLE_TESTABILITY = YES;
				ENABLE_USER_SCRIPT_SANDBOXING = YES;
				GCC_C_LANGUAGE_STANDARD = gnu17;
				GCC_DYNAMIC_NO_PIC = NO;
				GCC_NO_COMMON_BLOCKS = YES;
				GCC_OPTIMIZATION_LEVEL = 0;
				GCC_PREPROCESSOR_DEFINITIONS = (
					"DEBUG=1",
					"$(inherited)",
				);
				GCC_WARN_64_TO_32_BIT_CONVERSION = YES;
				GCC_WARN_ABOUT_RETURN_TYPE = YES_ERROR;
				GCC_WARN_UNDECLARED_SELECTOR = YES;
				GCC_WARN_UNINITIALIZED_AUTOS = YES_AGGRESSIVE;
				GCC_WARN_UNUSED_FUNCTION = YES;
				GCC_WARN_UNUSED_VARIABLE = YES;
				IPHONEOS_DEPLOYMENT_TARGET = 17.2;
				LOCALIZATION_PREFERS_STRING_CATALOGS = YES;
				MTL_ENABLE_DEBUG_INFO = INCLUDE_SOURCE;
				MTL_FAST_MATH = YES;
				ONLY_ACTIVE_ARCH = YES;
				SDKROOT = iphoneos;
				SWIFT_ACTIVE_COMPILATION_CONDITIONS = "DEBUG $(inherited)";
				SWIFT_OPTIMIZATION_LEVEL = "-Onone";
			};
			name = Debug;
		};
		C7C67FBE2BD30899001A0C3A /* Release */ = {
			isa = XCBuildConfiguration;
			buildSettings = {
				ALWAYS_SEARCH_USER_PATHS = NO;
				ASSETCATALOG_COMPILER_GENERATE_SWIFT_ASSET_SYMBOL_EXTENSIONS = YES;
				CLANG_ANALYZER_NONNULL = YES;
				CLANG_ANALYZER_NUMBER_OBJECT_CONVERSION = YES_AGGRESSIVE;
				CLANG_CXX_LANGUAGE_STANDARD = "gnu++20";
				CLANG_ENABLE_MODULES = YES;
				CLANG_ENABLE_OBJC_ARC = YES;
				CLANG_ENABLE_OBJC_WEAK = YES;
				CLANG_WARN_BLOCK_CAPTURE_AUTORELEASING = YES;
				CLANG_WARN_BOOL_CONVERSION = YES;
				CLANG_WARN_COMMA = YES;
				CLANG_WARN_CONSTANT_CONVERSION = YES;
				CLANG_WARN_DEPRECATED_OBJC_IMPLEMENTATIONS = YES;
				CLANG_WARN_DIRECT_OBJC_ISA_USAGE = YES_ERROR;
				CLANG_WARN_DOCUMENTATION_COMMENTS = YES;
				CLANG_WARN_EMPTY_BODY = YES;
				CLANG_WARN_ENUM_CONVERSION = YES;
				CLANG_WARN_INFINITE_RECURSION = YES;
				CLANG_WARN_INT_CONVERSION = YES;
				CLANG_WARN_NON_LITERAL_NULL_CONVERSION = YES;
				CLANG_WARN_OBJC_IMPLICIT_RETAIN_SELF = YES;
				CLANG_WARN_OBJC_LITERAL_CONVERSION = YES;
				CLANG_WARN_OBJC_ROOT_CLASS = YES_ERROR;
				CLANG_WARN_QUOTED_INCLUDE_IN_FRAMEWORK_HEADER = YES;
				CLANG_WARN_RANGE_LOOP_ANALYSIS = YES;
				CLANG_WARN_STRICT_PROTOTYPES = YES;
				CLANG_WARN_SUSPICIOUS_MOVE = YES;
				CLANG_WARN_UNGUARDED_AVAILABILITY = YES_AGGRESSIVE;
				CLANG_WARN_UNREACHABLE_CODE = YES;
				CLANG_WARN__DUPLICATE_METHOD_MATCH = YES;
				COPY_PHASE_STRIP = NO;
				DEBUG_INFORMATION_FORMAT = "dwarf-with-dsym";
				ENABLE_NS_ASSERTIONS = NO;
				ENABLE_STRICT_OBJC_MSGSEND = YES;
				ENABLE_USER_SCRIPT_SANDBOXING = YES;
				GCC_C_LANGUAGE_STANDARD = gnu17;
				GCC_NO_COMMON_BLOCKS = YES;
				GCC_WARN_64_TO_32_BIT_CONVERSION = YES;
				GCC_WARN_ABOUT_RETURN_TYPE = YES_ERROR;
				GCC_WARN_UNDECLARED_SELECTOR = YES;
				GCC_WARN_UNINITIALIZED_AUTOS = YES_AGGRESSIVE;
				GCC_WARN_UNUSED_FUNCTION = YES;
				GCC_WARN_UNUSED_VARIABLE = YES;
				IPHONEOS_DEPLOYMENT_TARGET = 17.2;
				LOCALIZATION_PREFERS_STRING_CATALOGS = YES;
				MTL_ENABLE_DEBUG_INFO = NO;
				MTL_FAST_MATH = YES;
				SDKROOT = iphoneos;
				SWIFT_COMPILATION_MODE = wholemodule;
				VALIDATE_PRODUCT = YES;
			};
			name = Release;
		};
		C7C67FC02BD30899001A0C3A /* Debug */ = {
			isa = XCBuildConfiguration;
			buildSettings = {
				ASSETCATALOG_COMPILER_APPICON_NAME = AppIcon;
				ASSETCATALOG_COMPILER_GLOBAL_ACCENT_COLOR_NAME = AccentColor;
				CODE_SIGN_STYLE = Automatic;
				CURRENT_PROJECT_VERSION = 1;
				DEVELOPMENT_ASSET_PATHS = "\"CupcakeCorner/Preview Content\"";
				ENABLE_PREVIEWS = YES;
				GENERATE_INFOPLIST_FILE = YES;
				INFOPLIST_KEY_UIApplicationSceneManifest_Generation = YES;
				INFOPLIST_KEY_UIApplicationSupportsIndirectInputEvents = YES;
				INFOPLIST_KEY_UILaunchScreen_Generation = YES;
				INFOPLIST_KEY_UISupportedInterfaceOrientations_iPad = "UIInterfaceOrientationPortrait UIInterfaceOrientationPortraitUpsideDown UIInterfaceOrientationLandscapeLeft UIInterfaceOrientationLandscapeRight";
				INFOPLIST_KEY_UISupportedInterfaceOrientations_iPhone = "UIInterfaceOrientationPortrait UIInterfaceOrientationLandscapeLeft UIInterfaceOrientationLandscapeRight";
				LD_RUNPATH_SEARCH_PATHS = (
					"$(inherited)",
					"@executable_path/Frameworks",
				);
				MARKETING_VERSION = 1.0;
				PRODUCT_BUNDLE_IDENTIFIER = com.jvlabs.CupcakeCorner;
				PRODUCT_NAME = "$(TARGET_NAME)";
				SWIFT_EMIT_LOC_STRINGS = YES;
				SWIFT_VERSION = 5.0;
				TARGETED_DEVICE_FAMILY = "1,2";
			};
			name = Debug;
		};
		C7C67FC12BD30899001A0C3A /* Release */ = {
			isa = XCBuildConfiguration;
			buildSettings = {
				ASSETCATALOG_COMPILER_APPICON_NAME = AppIcon;
				ASSETCATALOG_COMPILER_GLOBAL_ACCENT_COLOR_NAME = AccentColor;
				CODE_SIGN_STYLE = Automatic;
				CURRENT_PROJECT_VERSION = 1;
				DEVELOPMENT_ASSET_PATHS = "\"CupcakeCorner/Preview Content\"";
				ENABLE_PREVIEWS = YES;
				GENERATE_INFOPLIST_FILE = YES;
				INFOPLIST_KEY_UIApplicationSceneManifest_Generation = YES;
				INFOPLIST_KEY_UIApplicationSupportsIndirectInputEvents = YES;
				INFOPLIST_KEY_UILaunchScreen_Generation = YES;
				INFOPLIST_KEY_UISupportedInterfaceOrientations_iPad = "UIInterfaceOrientationPortrait UIInterfaceOrientationPortraitUpsideDown UIInterfaceOrientationLandscapeLeft UIInterfaceOrientationLandscapeRight";
				INFOPLIST_KEY_UISupportedInterfaceOrientations_iPhone = "UIInterfaceOrientationPortrait UIInterfaceOrientationLandscapeLeft UIInterfaceOrientationLandscapeRight";
				LD_RUNPATH_SEARCH_PATHS = (
					"$(inherited)",
					"@executable_path/Frameworks",
				);
				MARKETING_VERSION = 1.0;
				PRODUCT_BUNDLE_IDENTIFIER = com.jvlabs.CupcakeCorner;
				PRODUCT_NAME = "$(TARGET_NAME)";
				SWIFT_EMIT_LOC_STRINGS = YES;
				SWIFT_VERSION = 5.0;
				TARGETED_DEVICE_FAMILY = "1,2";
			};
			name = Release;
		};
/* End XCBuildConfiguration section */

/* Begin XCConfigurationList section */
		C7C67FAC2BD30898001A0C3A /* Build configuration list for PBXProject "CupcakeCorner" */ = {
			isa = XCConfigurationList;
			buildConfigurations = (
				C7C67FBD2BD30899001A0C3A /* Debug */,
				C7C67FBE2BD30899001A0C3A /* Release */,
			);
			defaultConfigurationIsVisible = 0;
			defaultConfigurationName = Release;
		};
		C7C67FBF2BD30899001A0C3A /* Build configuration list for PBXNativeTarget "CupcakeCorner" */ = {
			isa = XCConfigurationList;
			buildConfigurations = (
				C7C67FC02BD30899001A0C3A /* Debug */,
				C7C67FC12BD30899001A0C3A /* Release */,
			);
			defaultConfigurationIsVisible = 0;
			defaultConfigurationName = Release;
		};
/* End XCConfigurationList section */
	};
	rootObject = C7C67FA92BD30898001A0C3A /* Project object */;
}
