// !$*UTF8*$!
{
	archiveVersion = 1;
	classes = {
	};
	objectVersion = 56;
	objects = {

/* Begin PBXBuildFile section */
		C7270FDC2C25CA10002FE559 /* EmojiRatingView.swift in Sources */ = {isa = PBXBuildFile; fileRef = C7270FDB2C25CA10002FE559 /* EmojiRatingView.swift */; };
		C7270FDE2C25CE17002FE559 /* DetailView.swift in Sources */ = {isa = PBXBuildFile; fileRef = C7270FDD2C25CE17002FE559 /* DetailView.swift */; };
		C7AE32032C24A69E002F193F /* BookwormApp.swift in Sources */ = {isa = PBXBuildFile; fileRef = C7AE32022C24A69E002F193F /* BookwormApp.swift */; };
		C7AE32052C24A69E002F193F /* ContentView.swift in Sources */ = {isa = PBXBuildFile; fileRef = C7AE32042C24A69E002F193F /* ContentView.swift */; };
		C7AE32072C24A69F002F193F /* Assets.xcassets in Resources */ = {isa = PBXBuildFile; fileRef = C7AE32062C24A69F002F193F /* Assets.xcassets */; };
		C7AE320A2C24A69F002F193F /* Preview Assets.xcassets in Resources */ = {isa = PBXBuildFile; fileRef = C7AE32092C24A69F002F193F /* Preview Assets.xcassets */; };
		C7AE320C2C24A69F002F193F /* Persistence.swift in Sources */ = {isa = PBXBuildFile; fileRef = C7AE320B2C24A69F002F193F /* Persistence.swift */; };
		C7AE320F2C24A69F002F193F /* Bookworm.xcdatamodeld in Sources */ = {isa = PBXBuildFile; fileRef = C7AE320D2C24A69F002F193F /* Bookworm.xcdatamodeld */; };
		C7AE321A2C24D446002F193F /* 01_SizeClasses.swift in Sources */ = {isa = PBXBuildFile; fileRef = C7AE32192C24D446002F193F /* 01_SizeClasses.swift */; };
		C7AE321E2C24F427002F193F /* AddBookView.swift in Sources */ = {isa = PBXBuildFile; fileRef = C7AE321D2C24F427002F193F /* AddBookView.swift */; };
		C7AE32202C24FA9A002F193F /* RatingView.swift in Sources */ = {isa = PBXBuildFile; fileRef = C7AE321F2C24FA9A002F193F /* RatingView.swift */; };
/* End PBXBuildFile section */

/* Begin PBXFileReference section */
		C7270FDB2C25CA10002FE559 /* EmojiRatingView.swift */ = {isa = PBXFileReference; lastKnownFileType = sourcecode.swift; path = EmojiRatingView.swift; sourceTree = "<group>"; };
		C7270FDD2C25CE17002FE559 /* DetailView.swift */ = {isa = PBXFileReference; lastKnownFileType = sourcecode.swift; path = DetailView.swift; sourceTree = "<group>"; };
		C7AE31FF2C24A69E002F193F /* Bookworm.app */ = {isa = PBXFileReference; explicitFileType = wrapper.application; includeInIndex = 0; path = Bookworm.app; sourceTree = BUILT_PRODUCTS_DIR; };
		C7AE32022C24A69E002F193F /* BookwormApp.swift */ = {isa = PBXFileReference; lastKnownFileType = sourcecode.swift; path = BookwormApp.swift; sourceTree = "<group>"; };
		C7AE32042C24A69E002F193F /* ContentView.swift */ = {isa = PBXFileReference; lastKnownFileType = sourcecode.swift; path = ContentView.swift; sourceTree = "<group>"; };
		C7AE32062C24A69F002F193F /* Assets.xcassets */ = {isa = PBXFileReference; lastKnownFileType = folder.assetcatalog; path = Assets.xcassets; sourceTree = "<group>"; };
		C7AE32092C24A69F002F193F /* Preview Assets.xcassets */ = {isa = PBXFileReference; lastKnownFileType = folder.assetcatalog; path = "Preview Assets.xcassets"; sourceTree = "<group>"; };
		C7AE320B2C24A69F002F193F /* Persistence.swift */ = {isa = PBXFileReference; lastKnownFileType = sourcecode.swift; path = Persistence.swift; sourceTree = "<group>"; };
		C7AE320E2C24A69F002F193F /* Bookworm.xcdatamodel */ = {isa = PBXFileReference; lastKnownFileType = wrapper.xcdatamodel; path = Bookworm.xcdatamodel; sourceTree = "<group>"; };
		C7AE32192C24D446002F193F /* 01_SizeClasses.swift */ = {isa = PBXFileReference; lastKnownFileType = sourcecode.swift; path = 01_SizeClasses.swift; sourceTree = "<group>"; };
		C7AE321D2C24F427002F193F /* AddBookView.swift */ = {isa = PBXFileReference; lastKnownFileType = sourcecode.swift; path = AddBookView.swift; sourceTree = "<group>"; };
		C7AE321F2C24FA9A002F193F /* RatingView.swift */ = {isa = PBXFileReference; lastKnownFileType = sourcecode.swift; path = RatingView.swift; sourceTree = "<group>"; };
/* End PBXFileReference section */

/* Begin PBXFrameworksBuildPhase section */
		C7AE31FC2C24A69E002F193F /* Frameworks */ = {
			isa = PBXFrameworksBuildPhase;
			buildActionMask = 2147483647;
			files = (
			);
			runOnlyForDeploymentPostprocessing = 0;
		};
/* End PBXFrameworksBuildPhase section */

/* Begin PBXGroup section */
		C7AE31F62C24A69E002F193F = {
			isa = PBXGroup;
			children = (
				C7AE32012C24A69E002F193F /* Bookworm */,
				C7AE32002C24A69E002F193F /* Products */,
			);
			sourceTree = "<group>";
		};
		C7AE32002C24A69E002F193F /* Products */ = {
			isa = PBXGroup;
			children = (
				C7AE31FF2C24A69E002F193F /* Bookworm.app */,
			);
			name = Products;
			sourceTree = "<group>";
		};
		C7AE32012C24A69E002F193F /* Bookworm */ = {
			isa = PBXGroup;
			children = (
				C7AE321D2C24F427002F193F /* AddBookView.swift */,
				C7AE32022C24A69E002F193F /* BookwormApp.swift */,
				C7AE32042C24A69E002F193F /* ContentView.swift */,
				C7270FDD2C25CE17002FE559 /* DetailView.swift */,
				C7270FDB2C25CA10002FE559 /* EmojiRatingView.swift */,
				C7AE321F2C24FA9A002F193F /* RatingView.swift */,
				C7AE32062C24A69F002F193F /* Assets.xcassets */,
				C7AE320B2C24A69F002F193F /* Persistence.swift */,
				C7AE320D2C24A69F002F193F /* Bookworm.xcdatamodeld */,
				C7AE32082C24A69F002F193F /* Preview Content */,
				C7AE32192C24D446002F193F /* 01_SizeClasses.swift */,
			);
			path = Bookworm;
			sourceTree = "<group>";
		};
		C7AE32082C24A69F002F193F /* Preview Content */ = {
			isa = PBXGroup;
			children = (
				C7AE32092C24A69F002F193F /* Preview Assets.xcassets */,
			);
			path = "Preview Content";
			sourceTree = "<group>";
		};
/* End PBXGroup section */

/* Begin PBXNativeTarget section */
		C7AE31FE2C24A69E002F193F /* Bookworm */ = {
			isa = PBXNativeTarget;
			buildConfigurationList = C7AE32122C24A69F002F193F /* Build configuration list for PBXNativeTarget "Bookworm" */;
			buildPhases = (
				C7AE31FB2C24A69E002F193F /* Sources */,
				C7AE31FC2C24A69E002F193F /* Frameworks */,
				C7AE31FD2C24A69E002F193F /* Resources */,
			);
			buildRules = (
			);
			dependencies = (
			);
			name = Bookworm;
			productName = Bookworm;
			productReference = C7AE31FF2C24A69E002F193F /* Bookworm.app */;
			productType = "com.apple.product-type.application";
		};
/* End PBXNativeTarget section */

/* Begin PBXProject section */
		C7AE31F72C24A69E002F193F /* Project object */ = {
			isa = PBXProject;
			attributes = {
				BuildIndependentTargetsInParallel = 1;
				LastSwiftUpdateCheck = 1520;
				LastUpgradeCheck = 1520;
				TargetAttributes = {
					C7AE31FE2C24A69E002F193F = {
						CreatedOnToolsVersion = 15.2;
					};
				};
			};
			buildConfigurationList = C7AE31FA2C24A69E002F193F /* Build configuration list for PBXProject "Bookworm" */;
			compatibilityVersion = "Xcode 14.0";
			developmentRegion = en;
			hasScannedForEncodings = 0;
			knownRegions = (
				en,
				Base,
			);
			mainGroup = C7AE31F62C24A69E002F193F;
			productRefGroup = C7AE32002C24A69E002F193F /* Products */;
			projectDirPath = "";
			projectRoot = "";
			targets = (
				C7AE31FE2C24A69E002F193F /* Bookworm */,
			);
		};
/* End PBXProject section */

/* Begin PBXResourcesBuildPhase section */
		C7AE31FD2C24A69E002F193F /* Resources */ = {
			isa = PBXResourcesBuildPhase;
			buildActionMask = 2147483647;
			files = (
				C7AE320A2C24A69F002F193F /* Preview Assets.xcassets in Resources */,
				C7AE32072C24A69F002F193F /* Assets.xcassets in Resources */,
			);
			runOnlyForDeploymentPostprocessing = 0;
		};
/* End PBXResourcesBuildPhase section */

/* Begin PBXSourcesBuildPhase section */
		C7AE31FB2C24A69E002F193F /* Sources */ = {
			isa = PBXSourcesBuildPhase;
			buildActionMask = 2147483647;
			files = (
				C7AE321A2C24D446002F193F /* 01_SizeClasses.swift in Sources */,
				C7270FDE2C25CE17002FE559 /* DetailView.swift in Sources */,
				C7AE321E2C24F427002F193F /* AddBookView.swift in Sources */,
				C7AE320C2C24A69F002F193F /* Persistence.swift in Sources */,
				C7AE320F2C24A69F002F193F /* Bookworm.xcdatamodeld in Sources */,
				C7270FDC2C25CA10002FE559 /* EmojiRatingView.swift in Sources */,
				C7AE32052C24A69E002F193F /* ContentView.swift in Sources */,
				C7AE32032C24A69E002F193F /* BookwormApp.swift in Sources */,
				C7AE32202C24FA9A002F193F /* RatingView.swift in Sources */,
			);
			runOnlyForDeploymentPostprocessing = 0;
		};
/* End PBXSourcesBuildPhase section */

/* Begin XCBuildConfiguration section */
		C7AE32102C24A69F002F193F /* Debug */ = {
			isa = XCBuildConfiguration;
			buildSettings = {
				ALWAYS_SEARCH_USER_PATHS = NO;
				ASSETCATALOG_COMPILER_GENERATE_SWIFT_ASSET_SYMBOL_EXTENSIONS = YES;
				CLANG_ANALYZER_NONNULL = YES;
				CLANG_ANALYZER_NUMBER_OBJECT_CONVERSION = YES_AGGRESSIVE;
				CLANG_CXX_LANGUAGE_STANDARD = "gnu++20";
				CLANG_ENABLE_MODULES = YES;
				CLANG_ENABLE_OBJC_ARC = YES;
				CLANG_ENABLE_OBJC_WEAK = YES;
				CLANG_WARN_BLOCK_CAPTURE_AUTORELEASING = YES;
				CLANG_WARN_BOOL_CONVERSION = YES;
				CLANG_WARN_COMMA = YES;
				CLANG_WARN_CONSTANT_CONVERSION = YES;
				CLANG_WARN_DEPRECATED_OBJC_IMPLEMENTATIONS = YES;
				CLANG_WARN_DIRECT_OBJC_ISA_USAGE = YES_ERROR;
				CLANG_WARN_DOCUMENTATION_COMMENTS = YES;
				CLANG_WARN_EMPTY_BODY = YES;
				CLANG_WARN_ENUM_CONVERSION = YES;
				CLANG_WARN_INFINITE_RECURSION = YES;
				CLANG_WARN_INT_CONVERSION = YES;
				CLANG_WARN_NON_LITERAL_NULL_CONVERSION = YES;
				CLANG_WARN_OBJC_IMPLICIT_RETAIN_SELF = YES;
				CLANG_WARN_OBJC_LITERAL_CONVERSION = YES;
				CLANG_WARN_OBJC_ROOT_CLASS = YES_ERROR;
				CLANG_WARN_QUOTED_INCLUDE_IN_FRAMEWORK_HEADER = YES;
				CLANG_WARN_RANGE_LOOP_ANALYSIS = YES;
				CLANG_WARN_STRICT_PROTOTYPES = YES;
				CLANG_WARN_SUSPICIOUS_MOVE = YES;
				CLANG_WARN_UNGUARDED_AVAILABILITY = YES_AGGRESSIVE;
				CLANG_WARN_UNREACHABLE_CODE = YES;
				CLANG_WARN__DUPLICATE_METHOD_MATCH = YES;
				COPY_PHASE_STRIP = NO;
				DEBUG_INFORMATION_FORMAT = dwarf;
				ENABLE_STRICT_OBJC_MSGSEND = YES;
				ENABLE_TESTABILITY = YES;
				ENABLE_USER_SCRIPT_SANDBOXING = YES;
				GCC_C_LANGUAGE_STANDARD = gnu17;
				GCC_DYNAMIC_NO_PIC = NO;
				GCC_NO_COMMON_BLOCKS = YES;
				GCC_OPTIMIZATION_LEVEL = 0;
				GCC_PREPROCESSOR_DEFINITIONS = (
					"DEBUG=1",
					"$(inherited)",
				);
				GCC_WARN_64_TO_32_BIT_CONVERSION = YES;
				GCC_WARN_ABOUT_RETURN_TYPE = YES_ERROR;
				GCC_WARN_UNDECLARED_SELECTOR = YES;
				GCC_WARN_UNINITIALIZED_AUTOS = YES_AGGRESSIVE;
				GCC_WARN_UNUSED_FUNCTION = YES;
				GCC_WARN_UNUSED_VARIABLE = YES;
				IPHONEOS_DEPLOYMENT_TARGET = 17.2;
				LOCALIZATION_PREFERS_STRING_CATALOGS = YES;
				MTL_ENABLE_DEBUG_INFO = INCLUDE_SOURCE;
				MTL_FAST_MATH = YES;
				ONLY_ACTIVE_ARCH = YES;
				SDKROOT = iphoneos;
				SWIFT_ACTIVE_COMPILATION_CONDITIONS = "DEBUG $(inherited)";
				SWIFT_OPTIMIZATION_LEVEL = "-Onone";
			};
			name = Debug;
		};
		C7AE32112C24A69F002F193F /* Release */ = {
			isa = XCBuildConfiguration;
			buildSettings = {
				ALWAYS_SEARCH_USER_PATHS = NO;
				ASSETCATALOG_COMPILER_GENERATE_SWIFT_ASSET_SYMBOL_EXTENSIONS = YES;
				CLANG_ANALYZER_NONNULL = YES;
				CLANG_ANALYZER_NUMBER_OBJECT_CONVERSION = YES_AGGRESSIVE;
				CLANG_CXX_LANGUAGE_STANDARD = "gnu++20";
				CLANG_ENABLE_MODULES = YES;
				CLANG_ENABLE_OBJC_ARC = YES;
				CLANG_ENABLE_OBJC_WEAK = YES;
				CLANG_WARN_BLOCK_CAPTURE_AUTORELEASING = YES;
				CLANG_WARN_BOOL_CONVERSION = YES;
				CLANG_WARN_COMMA = YES;
				CLANG_WARN_CONSTANT_CONVERSION = YES;
				CLANG_WARN_DEPRECATED_OBJC_IMPLEMENTATIONS = YES;
				CLANG_WARN_DIRECT_OBJC_ISA_USAGE = YES_ERROR;
				CLANG_WARN_DOCUMENTATION_COMMENTS = YES;
				CLANG_WARN_EMPTY_BODY = YES;
				CLANG_WARN_ENUM_CONVERSION = YES;
				CLANG_WARN_INFINITE_RECURSION = YES;
				CLANG_WARN_INT_CONVERSION = YES;
				CLANG_WARN_NON_LITERAL_NULL_CONVERSION = YES;
				CLANG_WARN_OBJC_IMPLICIT_RETAIN_SELF = YES;
				CLANG_WARN_OBJC_LITERAL_CONVERSION = YES;
				CLANG_WARN_OBJC_ROOT_CLASS = YES_ERROR;
				CLANG_WARN_QUOTED_INCLUDE_IN_FRAMEWORK_HEADER = YES;
				CLANG_WARN_RANGE_LOOP_ANALYSIS = YES;
				CLANG_WARN_STRICT_PROTOTYPES = YES;
				CLANG_WARN_SUSPICIOUS_MOVE = YES;
				CLANG_WARN_UNGUARDED_AVAILABILITY = YES_AGGRESSIVE;
				CLANG_WARN_UNREACHABLE_CODE = YES;
				CLANG_WARN__DUPLICATE_METHOD_MATCH = YES;
				COPY_PHASE_STRIP = NO;
				DEBUG_INFORMATION_FORMAT = "dwarf-with-dsym";
				ENABLE_NS_ASSERTIONS = NO;
				ENABLE_STRICT_OBJC_MSGSEND = YES;
				ENABLE_USER_SCRIPT_SANDBOXING = YES;
				GCC_C_LANGUAGE_STANDARD = gnu17;
				GCC_NO_COMMON_BLOCKS = YES;
				GCC_WARN_64_TO_32_BIT_CONVERSION = YES;
				GCC_WARN_ABOUT_RETURN_TYPE = YES_ERROR;
				GCC_WARN_UNDECLARED_SELECTOR = YES;
				GCC_WARN_UNINITIALIZED_AUTOS = YES_AGGRESSIVE;
				GCC_WARN_UNUSED_FUNCTION = YES;
				GCC_WARN_UNUSED_VARIABLE = YES;
				IPHONEOS_DEPLOYMENT_TARGET = 17.2;
				LOCALIZATION_PREFERS_STRING_CATALOGS = YES;
				MTL_ENABLE_DEBUG_INFO = NO;
				MTL_FAST_MATH = YES;
				SDKROOT = iphoneos;
				SWIFT_COMPILATION_MODE = wholemodule;
				VALIDATE_PRODUCT = YES;
			};
			name = Release;
		};
		C7AE32132C24A69F002F193F /* Debug */ = {
			isa = XCBuildConfiguration;
			buildSettings = {
				ASSETCATALOG_COMPILER_APPICON_NAME = AppIcon;
				ASSETCATALOG_COMPILER_GLOBAL_ACCENT_COLOR_NAME = AccentColor;
				CODE_SIGN_STYLE = Automatic;
				CURRENT_PROJECT_VERSION = 1;
				DEVELOPMENT_ASSET_PATHS = "\"Bookworm/Preview Content\"";
				ENABLE_PREVIEWS = YES;
				GENERATE_INFOPLIST_FILE = YES;
				INFOPLIST_KEY_UIApplicationSceneManifest_Generation = YES;
				INFOPLIST_KEY_UIApplicationSupportsIndirectInputEvents = YES;
				INFOPLIST_KEY_UILaunchScreen_Generation = YES;
				INFOPLIST_KEY_UISupportedInterfaceOrientations_iPad = "UIInterfaceOrientationPortrait UIInterfaceOrientationPortraitUpsideDown UIInterfaceOrientationLandscapeLeft UIInterfaceOrientationLandscapeRight";
				INFOPLIST_KEY_UISupportedInterfaceOrientations_iPhone = "UIInterfaceOrientationPortrait UIInterfaceOrientationLandscapeLeft UIInterfaceOrientationLandscapeRight";
				LD_RUNPATH_SEARCH_PATHS = (
					"$(inherited)",
					"@executable_path/Frameworks",
				);
				MARKETING_VERSION = 1.0;
				PRODUCT_BUNDLE_IDENTIFIER = com.jvlabs.Bookworm;
				PRODUCT_NAME = "$(TARGET_NAME)";
				SWIFT_EMIT_LOC_STRINGS = YES;
				SWIFT_VERSION = 5.0;
				TARGETED_DEVICE_FAMILY = "1,2";
			};
			name = Debug;
		};
		C7AE32142C24A69F002F193F /* Release */ = {
			isa = XCBuildConfiguration;
			buildSettings = {
				ASSETCATALOG_COMPILER_APPICON_NAME = AppIcon;
				ASSETCATALOG_COMPILER_GLOBAL_ACCENT_COLOR_NAME = AccentColor;
				CODE_SIGN_STYLE = Automatic;
				CURRENT_PROJECT_VERSION = 1;
				DEVELOPMENT_ASSET_PATHS = "\"Bookworm/Preview Content\"";
				ENABLE_PREVIEWS = YES;
				GENERATE_INFOPLIST_FILE = YES;
				INFOPLIST_KEY_UIApplicationSceneManifest_Generation = YES;
				INFOPLIST_KEY_UIApplicationSupportsIndirectInputEvents = YES;
				INFOPLIST_KEY_UILaunchScreen_Generation = YES;
				INFOPLIST_KEY_UISupportedInterfaceOrientations_iPad = "UIInterfaceOrientationPortrait UIInterfaceOrientationPortraitUpsideDown UIInterfaceOrientationLandscapeLeft UIInterfaceOrientationLandscapeRight";
				INFOPLIST_KEY_UISupportedInterfaceOrientations_iPhone = "UIInterfaceOrientationPortrait UIInterfaceOrientationLandscapeLeft UIInterfaceOrientationLandscapeRight";
				LD_RUNPATH_SEARCH_PATHS = (
					"$(inherited)",
					"@executable_path/Frameworks",
				);
				MARKETING_VERSION = 1.0;
				PRODUCT_BUNDLE_IDENTIFIER = com.jvlabs.Bookworm;
				PRODUCT_NAME = "$(TARGET_NAME)";
				SWIFT_EMIT_LOC_STRINGS = YES;
				SWIFT_VERSION = 5.0;
				TARGETED_DEVICE_FAMILY = "1,2";
			};
			name = Release;
		};
/* End XCBuildConfiguration section */

/* Begin XCConfigurationList section */
		C7AE31FA2C24A69E002F193F /* Build configuration list for PBXProject "Bookworm" */ = {
			isa = XCConfigurationList;
			buildConfigurations = (
				C7AE32102C24A69F002F193F /* Debug */,
				C7AE32112C24A69F002F193F /* Release */,
			);
			defaultConfigurationIsVisible = 0;
			defaultConfigurationName = Release;
		};
		C7AE32122C24A69F002F193F /* Build configuration list for PBXNativeTarget "Bookworm" */ = {
			isa = XCConfigurationList;
			buildConfigurations = (
				C7AE32132C24A69F002F193F /* Debug */,
				C7AE32142C24A69F002F193F /* Release */,
			);
			defaultConfigurationIsVisible = 0;
			defaultConfigurationName = Release;
		};
/* End XCConfigurationList section */

/* Begin XCVersionGroup section */
		C7AE320D2C24A69F002F193F /* Bookworm.xcdatamodeld */ = {
			isa = XCVersionGroup;
			children = (
				C7AE320E2C24A69F002F193F /* Bookworm.xcdatamodel */,
			);
			currentVersion = C7AE320E2C24A69F002F193F /* Bookworm.xcdatamodel */;
			path = Bookworm.xcdatamodeld;
			sourceTree = "<group>";
			versionGroupType = wrapper.xcdatamodel;
		};
/* End XCVersionGroup section */
	};
	rootObject = C7AE31F72C24A69E002F193F /* Project object */;
}
