// !$*UTF8*$!
{
	archiveVersion = 1;
	classes = {
	};
	objectVersion = 56;
	objects = {

/* Begin PBXBuildFile section */
		C7632B3E2CB9B0C000FBF4E7 /* ContentView-ViewModel.swift in Sources */ = {isa = PBXBuildFile; fileRef = C7632B3D2CB9B0C000FBF4E7 /* ContentView-ViewModel.swift */; };
		C7632B402CB9B83900FBF4E7 /* FileManager-DocumentsDirectory.swift in Sources */ = {isa = PBXBuildFile; fileRef = C7632B3F2CB9B83900FBF4E7 /* FileManager-DocumentsDirectory.swift */; };
		C7978F552CB6DE2C00843376 /* 03_Importing_Maps.swift in Sources */ = {isa = PBXBuildFile; fileRef = C7978F542CB6DE2C00843376 /* 03_Importing_Maps.swift */; };
		C7978F572CB71BFB00843376 /* 04_Authentication.swift in Sources */ = {isa = PBXBuildFile; fileRef = C7978F562CB71BFB00843376 /* 04_Authentication.swift */; };
		C7978F592CB71E3D00843376 /* 00_Documents_Directory.swift in Sources */ = {isa = PBXBuildFile; fileRef = C7978F582CB71E3D00843376 /* 00_Documents_Directory.swift */; };
		C7978F5B2CB7217C00843376 /* Location.swift in Sources */ = {isa = PBXBuildFile; fileRef = C7978F5A2CB7217C00843376 /* Location.swift */; };
		C7978F5D2CB72AF500843376 /* EditView.swift in Sources */ = {isa = PBXBuildFile; fileRef = C7978F5C2CB72AF500843376 /* EditView.swift */; };
		C7978F5F2CB7396800843376 /* Result.swift in Sources */ = {isa = PBXBuildFile; fileRef = C7978F5E2CB7396800843376 /* Result.swift */; };
		C7B876D02CB495FA00EB4E1C /* 01_Users_Sorted.swift in Sources */ = {isa = PBXBuildFile; fileRef = C7B876CF2CB495FA00EB4E1C /* 01_Users_Sorted.swift */; };
		C7B876D62CB5E9BA00EB4E1C /* 02_Loading_View.swift in Sources */ = {isa = PBXBuildFile; fileRef = C7B876D52CB5E9BA00EB4E1C /* 02_Loading_View.swift */; };
		C7E0C6F72CACA0D700FDFFB1 /* BucketListApp.swift in Sources */ = {isa = PBXBuildFile; fileRef = C7E0C6F62CACA0D700FDFFB1 /* BucketListApp.swift */; };
		C7E0C6F92CACA0D700FDFFB1 /* ContentView.swift in Sources */ = {isa = PBXBuildFile; fileRef = C7E0C6F82CACA0D700FDFFB1 /* ContentView.swift */; };
		C7E0C6FB2CACA0D900FDFFB1 /* Assets.xcassets in Resources */ = {isa = PBXBuildFile; fileRef = C7E0C6FA2CACA0D900FDFFB1 /* Assets.xcassets */; };
		C7E0C6FE2CACA0D900FDFFB1 /* Preview Assets.xcassets in Resources */ = {isa = PBXBuildFile; fileRef = C7E0C6FD2CACA0D900FDFFB1 /* Preview Assets.xcassets */; };
/* End PBXBuildFile section */

/* Begin PBXFileReference section */
		C7632B3D2CB9B0C000FBF4E7 /* ContentView-ViewModel.swift */ = {isa = PBXFileReference; lastKnownFileType = sourcecode.swift; path = "ContentView-ViewModel.swift"; sourceTree = "<group>"; };
		C7632B3F2CB9B83900FBF4E7 /* FileManager-DocumentsDirectory.swift */ = {isa = PBXFileReference; lastKnownFileType = sourcecode.swift; path = "FileManager-DocumentsDirectory.swift"; sourceTree = "<group>"; };
		C7978F542CB6DE2C00843376 /* 03_Importing_Maps.swift */ = {isa = PBXFileReference; lastKnownFileType = sourcecode.swift; path = 03_Importing_Maps.swift; sourceTree = "<group>"; };
		C7978F562CB71BFB00843376 /* 04_Authentication.swift */ = {isa = PBXFileReference; lastKnownFileType = sourcecode.swift; path = 04_Authentication.swift; sourceTree = "<group>"; };
		C7978F582CB71E3D00843376 /* 00_Documents_Directory.swift */ = {isa = PBXFileReference; lastKnownFileType = sourcecode.swift; path = 00_Documents_Directory.swift; sourceTree = "<group>"; };
		C7978F5A2CB7217C00843376 /* Location.swift */ = {isa = PBXFileReference; lastKnownFileType = sourcecode.swift; path = Location.swift; sourceTree = "<group>"; };
		C7978F5C2CB72AF500843376 /* EditView.swift */ = {isa = PBXFileReference; lastKnownFileType = sourcecode.swift; path = EditView.swift; sourceTree = "<group>"; };
		C7978F5E2CB7396800843376 /* Result.swift */ = {isa = PBXFileReference; lastKnownFileType = sourcecode.swift; path = Result.swift; sourceTree = "<group>"; };
		C7B876CF2CB495FA00EB4E1C /* 01_Users_Sorted.swift */ = {isa = PBXFileReference; lastKnownFileType = sourcecode.swift; path = 01_Users_Sorted.swift; sourceTree = "<group>"; };
		C7B876D52CB5E9BA00EB4E1C /* 02_Loading_View.swift */ = {isa = PBXFileReference; lastKnownFileType = sourcecode.swift; path = 02_Loading_View.swift; sourceTree = "<group>"; };
		C7E0C6F32CACA0D700FDFFB1 /* BucketList.app */ = {isa = PBXFileReference; explicitFileType = wrapper.application; includeInIndex = 0; path = BucketList.app; sourceTree = BUILT_PRODUCTS_DIR; };
		C7E0C6F62CACA0D700FDFFB1 /* BucketListApp.swift */ = {isa = PBXFileReference; lastKnownFileType = sourcecode.swift; path = BucketListApp.swift; sourceTree = "<group>"; };
		C7E0C6F82CACA0D700FDFFB1 /* ContentView.swift */ = {isa = PBXFileReference; lastKnownFileType = sourcecode.swift; path = ContentView.swift; sourceTree = "<group>"; };
		C7E0C6FA2CACA0D900FDFFB1 /* Assets.xcassets */ = {isa = PBXFileReference; lastKnownFileType = folder.assetcatalog; path = Assets.xcassets; sourceTree = "<group>"; };
		C7E0C6FD2CACA0D900FDFFB1 /* Preview Assets.xcassets */ = {isa = PBXFileReference; lastKnownFileType = folder.assetcatalog; path = "Preview Assets.xcassets"; sourceTree = "<group>"; };
/* End PBXFileReference section */

/* Begin PBXFrameworksBuildPhase section */
		C7E0C6F02CACA0D700FDFFB1 /* Frameworks */ = {
			isa = PBXFrameworksBuildPhase;
			buildActionMask = 2147483647;
			files = (
			);
			runOnlyForDeploymentPostprocessing = 0;
		};
/* End PBXFrameworksBuildPhase section */

/* Begin PBXGroup section */
		C7E0C6EA2CACA0D700FDFFB1 = {
			isa = PBXGroup;
			children = (
				C7E0C6F52CACA0D700FDFFB1 /* BucketList */,
				C7E0C6F42CACA0D700FDFFB1 /* Products */,
			);
			sourceTree = "<group>";
		};
		C7E0C6F42CACA0D700FDFFB1 /* Products */ = {
			isa = PBXGroup;
			children = (
				C7E0C6F32CACA0D700FDFFB1 /* BucketList.app */,
			);
			name = Products;
			sourceTree = "<group>";
		};
		C7E0C6F52CACA0D700FDFFB1 /* BucketList */ = {
			isa = PBXGroup;
			children = (
				C7E0C6F62CACA0D700FDFFB1 /* BucketListApp.swift */,
				C7978F5A2CB7217C00843376 /* Location.swift */,
				C7978F5C2CB72AF500843376 /* EditView.swift */,
				C7E0C6F82CACA0D700FDFFB1 /* ContentView.swift */,
				C7632B3D2CB9B0C000FBF4E7 /* ContentView-ViewModel.swift */,
				C7632B3F2CB9B83900FBF4E7 /* FileManager-DocumentsDirectory.swift */,
				C7978F5E2CB7396800843376 /* Result.swift */,
				C7E0C6FA2CACA0D900FDFFB1 /* Assets.xcassets */,
				C7E0C6FC2CACA0D900FDFFB1 /* Preview Content */,
				C7978F582CB71E3D00843376 /* 00_Documents_Directory.swift */,
				C7B876CF2CB495FA00EB4E1C /* 01_Users_Sorted.swift */,
				C7B876D52CB5E9BA00EB4E1C /* 02_Loading_View.swift */,
				C7978F542CB6DE2C00843376 /* 03_Importing_Maps.swift */,
				C7978F562CB71BFB00843376 /* 04_Authentication.swift */,
			);
			path = BucketList;
			sourceTree = "<group>";
		};
		C7E0C6FC2CACA0D900FDFFB1 /* Preview Content */ = {
			isa = PBXGroup;
			children = (
				C7E0C6FD2CACA0D900FDFFB1 /* Preview Assets.xcassets */,
			);
			path = "Preview Content";
			sourceTree = "<group>";
		};
/* End PBXGroup section */

/* Begin PBXNativeTarget section */
		C7E0C6F22CACA0D700FDFFB1 /* BucketList */ = {
			isa = PBXNativeTarget;
			buildConfigurationList = C7E0C7012CACA0D900FDFFB1 /* Build configuration list for PBXNativeTarget "BucketList" */;
			buildPhases = (
				C7E0C6EF2CACA0D700FDFFB1 /* Sources */,
				C7E0C6F02CACA0D700FDFFB1 /* Frameworks */,
				C7E0C6F12CACA0D700FDFFB1 /* Resources */,
			);
			buildRules = (
			);
			dependencies = (
			);
			name = BucketList;
			productName = BucketList;
			productReference = C7E0C6F32CACA0D700FDFFB1 /* BucketList.app */;
			productType = "com.apple.product-type.application";
		};
/* End PBXNativeTarget section */

/* Begin PBXProject section */
		C7E0C6EB2CACA0D700FDFFB1 /* Project object */ = {
			isa = PBXProject;
			attributes = {
				BuildIndependentTargetsInParallel = 1;
				LastSwiftUpdateCheck = 1520;
				LastUpgradeCheck = 1520;
				TargetAttributes = {
					C7E0C6F22CACA0D700FDFFB1 = {
						CreatedOnToolsVersion = 15.2;
					};
				};
			};
			buildConfigurationList = C7E0C6EE2CACA0D700FDFFB1 /* Build configuration list for PBXProject "BucketList" */;
			compatibilityVersion = "Xcode 14.0";
			developmentRegion = en;
			hasScannedForEncodings = 0;
			knownRegions = (
				en,
				Base,
			);
			mainGroup = C7E0C6EA2CACA0D700FDFFB1;
			productRefGroup = C7E0C6F42CACA0D700FDFFB1 /* Products */;
			projectDirPath = "";
			projectRoot = "";
			targets = (
				C7E0C6F22CACA0D700FDFFB1 /* BucketList */,
			);
		};
/* End PBXProject section */

/* Begin PBXResourcesBuildPhase section */
		C7E0C6F12CACA0D700FDFFB1 /* Resources */ = {
			isa = PBXResourcesBuildPhase;
			buildActionMask = 2147483647;
			files = (
				C7E0C6FE2CACA0D900FDFFB1 /* Preview Assets.xcassets in Resources */,
				C7E0C6FB2CACA0D900FDFFB1 /* Assets.xcassets in Resources */,
			);
			runOnlyForDeploymentPostprocessing = 0;
		};
/* End PBXResourcesBuildPhase section */

/* Begin PBXSourcesBuildPhase section */
		C7E0C6EF2CACA0D700FDFFB1 /* Sources */ = {
			isa = PBXSourcesBuildPhase;
			buildActionMask = 2147483647;
			files = (
				C7978F592CB71E3D00843376 /* 00_Documents_Directory.swift in Sources */,
				C7E0C6F92CACA0D700FDFFB1 /* ContentView.swift in Sources */,
				C7978F5B2CB7217C00843376 /* Location.swift in Sources */,
				C7978F552CB6DE2C00843376 /* 03_Importing_Maps.swift in Sources */,
				C7B876D62CB5E9BA00EB4E1C /* 02_Loading_View.swift in Sources */,
				C7978F5D2CB72AF500843376 /* EditView.swift in Sources */,
				C7632B402CB9B83900FBF4E7 /* FileManager-DocumentsDirectory.swift in Sources */,
				C7978F5F2CB7396800843376 /* Result.swift in Sources */,
				C7632B3E2CB9B0C000FBF4E7 /* ContentView-ViewModel.swift in Sources */,
				C7E0C6F72CACA0D700FDFFB1 /* BucketListApp.swift in Sources */,
				C7B876D02CB495FA00EB4E1C /* 01_Users_Sorted.swift in Sources */,
				C7978F572CB71BFB00843376 /* 04_Authentication.swift in Sources */,
			);
			runOnlyForDeploymentPostprocessing = 0;
		};
/* End PBXSourcesBuildPhase section */

/* Begin XCBuildConfiguration section */
		C7E0C6FF2CACA0D900FDFFB1 /* Debug */ = {
			isa = XCBuildConfiguration;
			buildSettings = {
				ALWAYS_SEARCH_USER_PATHS = NO;
				ASSETCATALOG_COMPILER_GENERATE_SWIFT_ASSET_SYMBOL_EXTENSIONS = YES;
				CLANG_ANALYZER_NONNULL = YES;
				CLANG_ANALYZER_NUMBER_OBJECT_CONVERSION = YES_AGGRESSIVE;
				CLANG_CXX_LANGUAGE_STANDARD = "gnu++20";
				CLANG_ENABLE_MODULES = YES;
				CLANG_ENABLE_OBJC_ARC = YES;
				CLANG_ENABLE_OBJC_WEAK = YES;
				CLANG_WARN_BLOCK_CAPTURE_AUTORELEASING = YES;
				CLANG_WARN_BOOL_CONVERSION = YES;
				CLANG_WARN_COMMA = YES;
				CLANG_WARN_CONSTANT_CONVERSION = YES;
				CLANG_WARN_DEPRECATED_OBJC_IMPLEMENTATIONS = YES;
				CLANG_WARN_DIRECT_OBJC_ISA_USAGE = YES_ERROR;
				CLANG_WARN_DOCUMENTATION_COMMENTS = YES;
				CLANG_WARN_EMPTY_BODY = YES;
				CLANG_WARN_ENUM_CONVERSION = YES;
				CLANG_WARN_INFINITE_RECURSION = YES;
				CLANG_WARN_INT_CONVERSION = YES;
				CLANG_WARN_NON_LITERAL_NULL_CONVERSION = YES;
				CLANG_WARN_OBJC_IMPLICIT_RETAIN_SELF = YES;
				CLANG_WARN_OBJC_LITERAL_CONVERSION = YES;
				CLANG_WARN_OBJC_ROOT_CLASS = YES_ERROR;
				CLANG_WARN_QUOTED_INCLUDE_IN_FRAMEWORK_HEADER = YES;
				CLANG_WARN_RANGE_LOOP_ANALYSIS = YES;
				CLANG_WARN_STRICT_PROTOTYPES = YES;
				CLANG_WARN_SUSPICIOUS_MOVE = YES;
				CLANG_WARN_UNGUARDED_AVAILABILITY = YES_AGGRESSIVE;
				CLANG_WARN_UNREACHABLE_CODE = YES;
				CLANG_WARN__DUPLICATE_METHOD_MATCH = YES;
				COPY_PHASE_STRIP = NO;
				DEBUG_INFORMATION_FORMAT = dwarf;
				ENABLE_STRICT_OBJC_MSGSEND = YES;
				ENABLE_TESTABILITY = YES;
				ENABLE_USER_SCRIPT_SANDBOXING = YES;
				GCC_C_LANGUAGE_STANDARD = gnu17;
				GCC_DYNAMIC_NO_PIC = NO;
				GCC_NO_COMMON_BLOCKS = YES;
				GCC_OPTIMIZATION_LEVEL = 0;
				GCC_PREPROCESSOR_DEFINITIONS = (
					"DEBUG=1",
					"$(inherited)",
				);
				GCC_WARN_64_TO_32_BIT_CONVERSION = YES;
				GCC_WARN_ABOUT_RETURN_TYPE = YES_ERROR;
				GCC_WARN_UNDECLARED_SELECTOR = YES;
				GCC_WARN_UNINITIALIZED_AUTOS = YES_AGGRESSIVE;
				GCC_WARN_UNUSED_FUNCTION = YES;
				GCC_WARN_UNUSED_VARIABLE = YES;
				IPHONEOS_DEPLOYMENT_TARGET = 17.2;
				LOCALIZATION_PREFERS_STRING_CATALOGS = YES;
				MTL_ENABLE_DEBUG_INFO = INCLUDE_SOURCE;
				MTL_FAST_MATH = YES;
				ONLY_ACTIVE_ARCH = YES;
				SDKROOT = iphoneos;
				SWIFT_ACTIVE_COMPILATION_CONDITIONS = "DEBUG $(inherited)";
				SWIFT_OPTIMIZATION_LEVEL = "-Onone";
			};
			name = Debug;
		};
		C7E0C7002CACA0D900FDFFB1 /* Release */ = {
			isa = XCBuildConfiguration;
			buildSettings = {
				ALWAYS_SEARCH_USER_PATHS = NO;
				ASSETCATALOG_COMPILER_GENERATE_SWIFT_ASSET_SYMBOL_EXTENSIONS = YES;
				CLANG_ANALYZER_NONNULL = YES;
				CLANG_ANALYZER_NUMBER_OBJECT_CONVERSION = YES_AGGRESSIVE;
				CLANG_CXX_LANGUAGE_STANDARD = "gnu++20";
				CLANG_ENABLE_MODULES = YES;
				CLANG_ENABLE_OBJC_ARC = YES;
				CLANG_ENABLE_OBJC_WEAK = YES;
				CLANG_WARN_BLOCK_CAPTURE_AUTORELEASING = YES;
				CLANG_WARN_BOOL_CONVERSION = YES;
				CLANG_WARN_COMMA = YES;
				CLANG_WARN_CONSTANT_CONVERSION = YES;
				CLANG_WARN_DEPRECATED_OBJC_IMPLEMENTATIONS = YES;
				CLANG_WARN_DIRECT_OBJC_ISA_USAGE = YES_ERROR;
				CLANG_WARN_DOCUMENTATION_COMMENTS = YES;
				CLANG_WARN_EMPTY_BODY = YES;
				CLANG_WARN_ENUM_CONVERSION = YES;
				CLANG_WARN_INFINITE_RECURSION = YES;
				CLANG_WARN_INT_CONVERSION = YES;
				CLANG_WARN_NON_LITERAL_NULL_CONVERSION = YES;
				CLANG_WARN_OBJC_IMPLICIT_RETAIN_SELF = YES;
				CLANG_WARN_OBJC_LITERAL_CONVERSION = YES;
				CLANG_WARN_OBJC_ROOT_CLASS = YES_ERROR;
				CLANG_WARN_QUOTED_INCLUDE_IN_FRAMEWORK_HEADER = YES;
				CLANG_WARN_RANGE_LOOP_ANALYSIS = YES;
				CLANG_WARN_STRICT_PROTOTYPES = YES;
				CLANG_WARN_SUSPICIOUS_MOVE = YES;
				CLANG_WARN_UNGUARDED_AVAILABILITY = YES_AGGRESSIVE;
				CLANG_WARN_UNREACHABLE_CODE = YES;
				CLANG_WARN__DUPLICATE_METHOD_MATCH = YES;
				COPY_PHASE_STRIP = NO;
				DEBUG_INFORMATION_FORMAT = "dwarf-with-dsym";
				ENABLE_NS_ASSERTIONS = NO;
				ENABLE_STRICT_OBJC_MSGSEND = YES;
				ENABLE_USER_SCRIPT_SANDBOXING = YES;
				GCC_C_LANGUAGE_STANDARD = gnu17;
				GCC_NO_COMMON_BLOCKS = YES;
				GCC_WARN_64_TO_32_BIT_CONVERSION = YES;
				GCC_WARN_ABOUT_RETURN_TYPE = YES_ERROR;
				GCC_WARN_UNDECLARED_SELECTOR = YES;
				GCC_WARN_UNINITIALIZED_AUTOS = YES_AGGRESSIVE;
				GCC_WARN_UNUSED_FUNCTION = YES;
				GCC_WARN_UNUSED_VARIABLE = YES;
				IPHONEOS_DEPLOYMENT_TARGET = 17.2;
				LOCALIZATION_PREFERS_STRING_CATALOGS = YES;
				MTL_ENABLE_DEBUG_INFO = NO;
				MTL_FAST_MATH = YES;
				SDKROOT = iphoneos;
				SWIFT_COMPILATION_MODE = wholemodule;
				VALIDATE_PRODUCT = YES;
			};
			name = Release;
		};
		C7E0C7022CACA0D900FDFFB1 /* Debug */ = {
			isa = XCBuildConfiguration;
			buildSettings = {
				ASSETCATALOG_COMPILER_APPICON_NAME = AppIcon;
				ASSETCATALOG_COMPILER_GLOBAL_ACCENT_COLOR_NAME = AccentColor;
				CODE_SIGN_STYLE = Automatic;
				CURRENT_PROJECT_VERSION = 1;
				DEVELOPMENT_ASSET_PATHS = "\"BucketList/Preview Content\"";
				ENABLE_PREVIEWS = YES;
				GENERATE_INFOPLIST_FILE = YES;
				INFOPLIST_KEY_NSFaceIDUsageDescription = "Please authenticate yourself to unlock your places";
				INFOPLIST_KEY_UIApplicationSceneManifest_Generation = YES;
				INFOPLIST_KEY_UIApplicationSupportsIndirectInputEvents = YES;
				INFOPLIST_KEY_UILaunchScreen_Generation = YES;
				INFOPLIST_KEY_UISupportedInterfaceOrientations_iPad = "UIInterfaceOrientationPortrait UIInterfaceOrientationPortraitUpsideDown UIInterfaceOrientationLandscapeLeft UIInterfaceOrientationLandscapeRight";
				INFOPLIST_KEY_UISupportedInterfaceOrientations_iPhone = "UIInterfaceOrientationPortrait UIInterfaceOrientationLandscapeLeft UIInterfaceOrientationLandscapeRight";
				LD_RUNPATH_SEARCH_PATHS = (
					"$(inherited)",
					"@executable_path/Frameworks",
				);
				MARKETING_VERSION = 1.0;
				PRODUCT_BUNDLE_IDENTIFIER = com.jvlabs.BucketList;
				PRODUCT_NAME = "$(TARGET_NAME)";
				SWIFT_EMIT_LOC_STRINGS = YES;
				SWIFT_VERSION = 5.0;
				TARGETED_DEVICE_FAMILY = "1,2";
			};
			name = Debug;
		};
		C7E0C7032CACA0D900FDFFB1 /* Release */ = {
			isa = XCBuildConfiguration;
			buildSettings = {
				ASSETCATALOG_COMPILER_APPICON_NAME = AppIcon;
				ASSETCATALOG_COMPILER_GLOBAL_ACCENT_COLOR_NAME = AccentColor;
				CODE_SIGN_STYLE = Automatic;
				CURRENT_PROJECT_VERSION = 1;
				DEVELOPMENT_ASSET_PATHS = "\"BucketList/Preview Content\"";
				ENABLE_PREVIEWS = YES;
				GENERATE_INFOPLIST_FILE = YES;
				INFOPLIST_KEY_NSFaceIDUsageDescription = "Please authenticate yourself to unlock your places";
				INFOPLIST_KEY_UIApplicationSceneManifest_Generation = YES;
				INFOPLIST_KEY_UIApplicationSupportsIndirectInputEvents = YES;
				INFOPLIST_KEY_UILaunchScreen_Generation = YES;
				INFOPLIST_KEY_UISupportedInterfaceOrientations_iPad = "UIInterfaceOrientationPortrait UIInterfaceOrientationPortraitUpsideDown UIInterfaceOrientationLandscapeLeft UIInterfaceOrientationLandscapeRight";
				INFOPLIST_KEY_UISupportedInterfaceOrientations_iPhone = "UIInterfaceOrientationPortrait UIInterfaceOrientationLandscapeLeft UIInterfaceOrientationLandscapeRight";
				LD_RUNPATH_SEARCH_PATHS = (
					"$(inherited)",
					"@executable_path/Frameworks",
				);
				MARKETING_VERSION = 1.0;
				PRODUCT_BUNDLE_IDENTIFIER = com.jvlabs.BucketList;
				PRODUCT_NAME = "$(TARGET_NAME)";
				SWIFT_EMIT_LOC_STRINGS = YES;
				SWIFT_VERSION = 5.0;
				TARGETED_DEVICE_FAMILY = "1,2";
			};
			name = Release;
		};
/* End XCBuildConfiguration section */

/* Begin XCConfigurationList section */
		C7E0C6EE2CACA0D700FDFFB1 /* Build configuration list for PBXProject "BucketList" */ = {
			isa = XCConfigurationList;
			buildConfigurations = (
				C7E0C6FF2CACA0D900FDFFB1 /* Debug */,
				C7E0C7002CACA0D900FDFFB1 /* Release */,
			);
			defaultConfigurationIsVisible = 0;
			defaultConfigurationName = Release;
		};
		C7E0C7012CACA0D900FDFFB1 /* Build configuration list for PBXNativeTarget "BucketList" */ = {
			isa = XCConfigurationList;
			buildConfigurations = (
				C7E0C7022CACA0D900FDFFB1 /* Debug */,
				C7E0C7032CACA0D900FDFFB1 /* Release */,
			);
			defaultConfigurationIsVisible = 0;
			defaultConfigurationName = Release;
		};
/* End XCConfigurationList section */
	};
	rootObject = C7E0C6EB2CACA0D700FDFFB1 /* Project object */;
}
